
Microsoft Visual Studio Solution File, Format Version 12.00
# Visual Studio Version 16
VisualStudioVersion = 16.0.31729.503
MinimumVisualStudioVersion = 10.0.40219.1
Project("{FAE04EC0-301F-11D3-BF4B-00C04F79EFBC}") = "CSharp4-3", "CSharp4-3\CSharp4-3.csproj", "{19C0E3CF-7CB4-4EBA-94C2-F1433D025685}"
EndProject
Global
	GlobalSection(SolutionConfigurationPlatforms) = preSolution
		Debug|Any CPU = Debug|Any CPU
		Release|Any CPU = Release|Any CPU
	EndGlobalSection
	GlobalSection(ProjectConfigurationPlatforms) = postSolution
		{19C0E3CF-7CB4-4EBA-94C2-F1433D025685}.Debug|Any CPU.ActiveCfg = Debug|Any CPU
		{19C0E3CF-7CB4-4EBA-94C2-F1433D025685}.Debug|Any CPU.Build.0 = Debug|Any CPU
		{19C0E3CF-7CB4-4EBA-94C2-F1433D025685}.Release|Any CPU.ActiveCfg = Release|Any CPU
		{19C0E3CF-7CB4-4EBA-94C2-F1433D025685}.Release|Any CPU.Build.0 = Release|Any CPU
	EndGlobalSection
	GlobalSection(SolutionProperties) = preSolution
		HideSolutionNode = FALSE
	EndGlobalSection
	GlobalSection(ExtensibilityGlobals) = postSolution
		SolutionGuid = {200CA4C8-450D-48C1-8491-18DDB5A8674D}
	EndGlobalSection
EndGlobal
