
Microsoft Visual Studio Solution File, Format Version 12.00
# Visual Studio Version 16
VisualStudioVersion = 16.0.33214.272
MinimumVisualStudioVersion = 10.0.40219.1
Project("{FAE04EC0-301F-11D3-BF4B-00C04F79EFBC}") = "CSharpWork2", "CSharpWork2\CSharpWork2.csproj", "{0AD13D6B-E99C-490B-8B28-3789996107F2}"
EndProject
Global
	GlobalSection(SolutionConfigurationPlatforms) = preSolution
		Debug|Any CPU = Debug|Any CPU
		Release|Any CPU = Release|Any CPU
	EndGlobalSection
	GlobalSection(ProjectConfigurationPlatforms) = postSolution
		{0AD13D6B-E99C-490B-8B28-3789996107F2}.Debug|Any CPU.ActiveCfg = Debug|Any CPU
		{0AD13D6B-E99C-490B-8B28-3789996107F2}.Debug|Any CPU.Build.0 = Debug|Any CPU
		{0AD13D6B-E99C-490B-8B28-3789996107F2}.Release|Any CPU.ActiveCfg = Release|Any CPU
		{0AD13D6B-E99C-490B-8B28-3789996107F2}.Release|Any CPU.Build.0 = Release|Any CPU
	EndGlobalSection
	GlobalSection(SolutionProperties) = preSolution
		HideSolutionNode = FALSE
	EndGlobalSection
	GlobalSection(ExtensibilityGlobals) = postSolution
		SolutionGuid = {1EF3E63F-0505-4708-9818-B1854D1E3F4A}
	EndGlobalSection
EndGlobal
