
Microsoft Visual Studio Solution File, Format Version 12.00
# Visual Studio Version 16
VisualStudioVersion = 16.0.31729.503
MinimumVisualStudioVersion = 10.0.40219.1
Project("{FAE04EC0-301F-11D3-BF4B-00C04F79EFBC}") = "CSharp4-1", "CSharp4-1\CSharp4-1.csproj", "{220A63B1-1337-4D06-998F-328F1F244B48}"
EndProject
Global
	GlobalSection(SolutionConfigurationPlatforms) = preSolution
		Debug|Any CPU = Debug|Any CPU
		Release|Any CPU = Release|Any CPU
	EndGlobalSection
	GlobalSection(ProjectConfigurationPlatforms) = postSolution
		{220A63B1-1337-4D06-998F-328F1F244B48}.Debug|Any CPU.ActiveCfg = Debug|Any CPU
		{220A63B1-1337-4D06-998F-328F1F244B48}.Debug|Any CPU.Build.0 = Debug|Any CPU
		{220A63B1-1337-4D06-998F-328F1F244B48}.Release|Any CPU.ActiveCfg = Release|Any CPU
		{220A63B1-1337-4D06-998F-328F1F244B48}.Release|Any CPU.Build.0 = Release|Any CPU
	EndGlobalSection
	GlobalSection(SolutionProperties) = preSolution
		HideSolutionNode = FALSE
	EndGlobalSection
	GlobalSection(ExtensibilityGlobals) = postSolution
		SolutionGuid = {532F610A-98BB-4D38-8463-385A0F4490D5}
	EndGlobalSection
EndGlobal
