
Microsoft Visual Studio Solution File, Format Version 12.00
# Visual Studio Version 16
VisualStudioVersion = 16.0.33214.272
MinimumVisualStudioVersion = 10.0.40219.1
Project("{FAE04EC0-301F-11D3-BF4B-00C04F79EFBC}") = "CSharpWork7", "CSharpWork7\CSharpWork7.csproj", "{68AE2B78-8649-404B-B754-DD42CE9C0049}"
EndProject
Global
	GlobalSection(SolutionConfigurationPlatforms) = preSolution
		Debug|Any CPU = Debug|Any CPU
		Release|Any CPU = Release|Any CPU
	EndGlobalSection
	GlobalSection(ProjectConfigurationPlatforms) = postSolution
		{68AE2B78-8649-404B-B754-DD42CE9C0049}.Debug|Any CPU.ActiveCfg = Debug|Any CPU
		{68AE2B78-8649-404B-B754-DD42CE9C0049}.Debug|Any CPU.Build.0 = Debug|Any CPU
		{68AE2B78-8649-404B-B754-DD42CE9C0049}.Release|Any CPU.ActiveCfg = Release|Any CPU
		{68AE2B78-8649-404B-B754-DD42CE9C0049}.Release|Any CPU.Build.0 = Release|Any CPU
	EndGlobalSection
	GlobalSection(SolutionProperties) = preSolution
		HideSolutionNode = FALSE
	EndGlobalSection
	GlobalSection(ExtensibilityGlobals) = postSolution
		SolutionGuid = {18BA83E5-E061-4614-9069-63024CAB8297}
	EndGlobalSection
EndGlobal
