
Microsoft Visual Studio Solution File, Format Version 12.00
# Visual Studio Version 16
VisualStudioVersion = 16.0.33214.272
MinimumVisualStudioVersion = 10.0.40219.1
Project("{FAE04EC0-301F-11D3-BF4B-00C04F79EFBC}") = "CSharpWork6", "CSharpWork6\CSharpWork6.csproj", "{757508D8-0EE1-4A0F-857D-D4E9A6F32045}"
EndProject
Global
	GlobalSection(SolutionConfigurationPlatforms) = preSolution
		Debug|Any CPU = Debug|Any CPU
		Release|Any CPU = Release|Any CPU
	EndGlobalSection
	GlobalSection(ProjectConfigurationPlatforms) = postSolution
		{757508D8-0EE1-4A0F-857D-D4E9A6F32045}.Debug|Any CPU.ActiveCfg = Debug|Any CPU
		{757508D8-0EE1-4A0F-857D-D4E9A6F32045}.Debug|Any CPU.Build.0 = Debug|Any CPU
		{757508D8-0EE1-4A0F-857D-D4E9A6F32045}.Release|Any CPU.ActiveCfg = Release|Any CPU
		{757508D8-0EE1-4A0F-857D-D4E9A6F32045}.Release|Any CPU.Build.0 = Release|Any CPU
	EndGlobalSection
	GlobalSection(SolutionProperties) = preSolution
		HideSolutionNode = FALSE
	EndGlobalSection
	GlobalSection(ExtensibilityGlobals) = postSolution
		SolutionGuid = {DDF53B60-5C1F-48C7-8009-92CCF9840780}
	EndGlobalSection
EndGlobal
